
Microsoft Visual Studio Solution File, Format Version 12.00
# Visual Studio Version 16
VisualStudioVersion = 16.0.31624.102
MinimumVisualStudioVersion = 10.0.40219.1
Project("{FAE04EC0-301F-11D3-BF4B-00C04F79EFBC}") = "ASPNET_API_TESTING", "ASPNET_API_TESTING\ASPNET_API_TESTING.csproj", "{9DE73DAF-C7B7-4727-9ACB-FDB1A504B073}"
EndProject
Global
	GlobalSection(SolutionConfigurationPlatforms) = preSolution
		Debug|Any CPU = Debug|Any CPU
		Release|Any CPU = Release|Any CPU
	EndGlobalSection
	GlobalSection(ProjectConfigurationPlatforms) = postSolution
		{9DE73DAF-C7B7-4727-9ACB-FDB1A504B073}.Debug|Any CPU.ActiveCfg = Debug|Any CPU
		{9DE73DAF-C7B7-4727-9ACB-FDB1A504B073}.Debug|Any CPU.Build.0 = Debug|Any CPU
		{9DE73DAF-C7B7-4727-9ACB-FDB1A504B073}.Release|Any CPU.ActiveCfg = Release|Any CPU
		{9DE73DAF-C7B7-4727-9ACB-FDB1A504B073}.Release|Any CPU.Build.0 = Release|Any CPU
	EndGlobalSection
	GlobalSection(SolutionProperties) = preSolution
		HideSolutionNode = FALSE
	EndGlobalSection
	GlobalSection(ExtensibilityGlobals) = postSolution
		SolutionGuid = {DD2C6186-26E6-46E2-A5DE-A3CD11E1D6E7}
	EndGlobalSection
EndGlobal
